
Microsoft Visual Studio Solution File, Format Version 12.00
# Visual Studio Version 17
VisualStudioVersion = 17.14.36930.0 d17.14
MinimumVisualStudioVersion = 10.0.40219.1
Project("{FAE04EC0-301F-11D3-BF4B-00C04F79EFBC}") = "UploadFilesAPI", "UploadFilesAPI\UploadFilesAPI.csproj", "{A532A0A3-30E5-4C3C-B5AF-66056F178438}"
EndProject
Global
	GlobalSection(SolutionConfigurationPlatforms) = preSolution
		Debug|Any CPU = Debug|Any CPU
		Release|Any CPU = Release|Any CPU
	EndGlobalSection
	GlobalSection(ProjectConfigurationPlatforms) = postSolution
		{A532A0A3-30E5-4C3C-B5AF-66056F178438}.Debug|Any CPU.ActiveCfg = Debug|Any CPU
		{A532A0A3-30E5-4C3C-B5AF-66056F178438}.Debug|Any CPU.Build.0 = Debug|Any CPU
		{A532A0A3-30E5-4C3C-B5AF-66056F178438}.Release|Any CPU.ActiveCfg = Release|Any CPU
		{A532A0A3-30E5-4C3C-B5AF-66056F178438}.Release|Any CPU.Build.0 = Release|Any CPU
	EndGlobalSection
	GlobalSection(SolutionProperties) = preSolution
		HideSolutionNode = FALSE
	EndGlobalSection
	GlobalSection(ExtensibilityGlobals) = postSolution
		SolutionGuid = {10B8D240-584F-4883-9DDA-3702BD15B105}
	EndGlobalSection
EndGlobal
